
Microsoft Visual Studio Solution File, Format Version 12.00
# Visual Studio 15
VisualStudioVersion = 15.0.28010.2048
MinimumVisualStudioVersion = 10.0.40219.1
Project("{FAE04EC0-301F-11D3-BF4B-00C04F79EFBC}") = "Minefield", "Minefield\Minefield.csproj", "{60847E05-1027-4E18-82E8-9CE6C9FB4570}"
EndProject
Project("{FAE04EC0-301F-11D3-BF4B-00C04F79EFBC}") = "MinefieldTest", "MinefieldTest\MinefieldTest.csproj", "{7A8C28C4-D6C2-4A12-BAA2-5E956E25F3C2}"
EndProject
Global
	GlobalSection(SolutionConfigurationPlatforms) = preSolution
		Debug|Any CPU = Debug|Any CPU
		Release|Any CPU = Release|Any CPU
	EndGlobalSection
	GlobalSection(ProjectConfigurationPlatforms) = postSolution
		{60847E05-1027-4E18-82E8-9CE6C9FB4570}.Debug|Any CPU.ActiveCfg = Debug|Any CPU
		{60847E05-1027-4E18-82E8-9CE6C9FB4570}.Debug|Any CPU.Build.0 = Debug|Any CPU
		{60847E05-1027-4E18-82E8-9CE6C9FB4570}.Release|Any CPU.ActiveCfg = Release|Any CPU
		{60847E05-1027-4E18-82E8-9CE6C9FB4570}.Release|Any CPU.Build.0 = Release|Any CPU
		{7A8C28C4-D6C2-4A12-BAA2-5E956E25F3C2}.Debug|Any CPU.ActiveCfg = Debug|Any CPU
		{7A8C28C4-D6C2-4A12-BAA2-5E956E25F3C2}.Debug|Any CPU.Build.0 = Debug|Any CPU
		{7A8C28C4-D6C2-4A12-BAA2-5E956E25F3C2}.Release|Any CPU.ActiveCfg = Release|Any CPU
		{7A8C28C4-D6C2-4A12-BAA2-5E956E25F3C2}.Release|Any CPU.Build.0 = Release|Any CPU
	EndGlobalSection
	GlobalSection(SolutionProperties) = preSolution
		HideSolutionNode = FALSE
	EndGlobalSection
	GlobalSection(ExtensibilityGlobals) = postSolution
		SolutionGuid = {7C2D0F1F-7D7A-415C-B8DE-23C80CE88F59}
	EndGlobalSection
EndGlobal
